
Microsoft Visual Studio Solution File, Format Version 12.00
# Visual Studio Version 17
VisualStudioVersion = 17.11.35303.130
MinimumVisualStudioVersion = 10.0.40219.1
Project("{9A19103F-16F7-4668-BE54-9A1E7A4F7556}") = "DigiEquipSys", "DigiEquipSys.csproj", "{9EA45199-0952-4AA8-9F2F-95BB3999C379}"
EndProject
Global
	GlobalSection(SolutionConfigurationPlatforms) = preSolution
		Debug|Any CPU = Debug|Any CPU
		Release|Any CPU = Release|Any CPU
	EndGlobalSection
	GlobalSection(ProjectConfigurationPlatforms) = postSolution
		{9EA45199-0952-4AA8-9F2F-95BB3999C379}.Debug|Any CPU.ActiveCfg = Debug|Any CPU
		{9EA45199-0952-4AA8-9F2F-95BB3999C379}.Debug|Any CPU.Build.0 = Debug|Any CPU
		{9EA45199-0952-4AA8-9F2F-95BB3999C379}.Release|Any CPU.ActiveCfg = Release|Any CPU
		{9EA45199-0952-4AA8-9F2F-95BB3999C379}.Release|Any CPU.Build.0 = Release|Any CPU
	EndGlobalSection
	GlobalSection(SolutionProperties) = preSolution
		HideSolutionNode = FALSE
	EndGlobalSection
	GlobalSection(ExtensibilityGlobals) = postSolution
		SolutionGuid = {2F06CF79-57C7-4640-BA8B-76B872865C88}
	EndGlobalSection
EndGlobal
